<?xml version="1.0" encoding="utf-8"?>
<Project ToolsVersion="4.0" xmlns="http://schemas.microsoft.com/developer/msbuild/2003">
  <ItemGroup>
    <Filter Include="Resource Files">
      <UniqueIdentifier>{67DA6AB6-F800-4c08-8B7A-83BB121AAD01}</UniqueIdentifier>
      <Extensions>rc;ico;cur;bmp;dlg;rc2;rct;bin;rgs;gif;jpg;jpeg;jpe;resx;tiff;tif;png;wav;mfcribbon-ms</Extensions>
    </Filter>
    <Filter Include="Framework Files">
      <UniqueIdentifier>{93995380-89BD-4b04-88EB-625FBE52EBFB}</UniqueIdentifier>
      <Extensions>h;hh;hpp;hxx;h++;hm;inl;inc;ipp;xsd</Extensions>
    </Filter>
    <Filter Include="Game Files">
      <UniqueIdentifier>{4FC737F1-C7A5-4376-A066-2A32D752A2FF}</UniqueIdentifier>
      <Extensions>cpp;c;cc;cxx;c++;cppm;ixx;def;odl;idl;hpj;bat;asm;asmx</Extensions>
    </Filter>
    <Filter Include="Game Files\PowerUps">
      <UniqueIdentifier>{5887a111-4f19-41f7-a9b0-d56a17e59597}</UniqueIdentifier>
    </Filter>
    <Filter Include="Game Files\GameObjects">
      <UniqueIdentifier>{34b0a0ea-cfd8-4244-af2a-262ef6b9f6b2}</UniqueIdentifier>
    </Filter>
    <Filter Include="Game Files\GameObjects\Projectiles">
      <UniqueIdentifier>{6b7072f3-45c5-41a6-ba1b-314c6297e5d4}</UniqueIdentifier>
    </Filter>
    <Filter Include="Game Files\GameObjects\Actors">
      <UniqueIdentifier>{96a293d5-d7db-4d93-8590-163385930016}</UniqueIdentifier>
    </Filter>
    <Filter Include="Game Files\GameObjects\Actors\Enemies">
      <UniqueIdentifier>{cd45854b-eb50-4aa4-ac1e-176cdb412f63}</UniqueIdentifier>
    </Filter>
    <Filter Include="Game Files\GameObjects\Actors\Items">
      <UniqueIdentifier>{9afafb0d-213a-486c-a897-fa8f0e920f32}</UniqueIdentifier>
    </Filter>
    <Filter Include="Game Files\Managers">
      <UniqueIdentifier>{2a63d0e4-2a87-4cc5-86a1-3ac0b03b4b76}</UniqueIdentifier>
    </Filter>
  </ItemGroup>
  <ItemGroup>
    <ClCompile Include="Game.cpp">
      <Filter>Game Files</Filter>
    </ClCompile>
    <ClCompile Include="main.cpp">
      <Filter>Game Files</Filter>
    </ClCompile>
    <ClCompile Include="Core.cpp">
      <Filter>Framework Files</Filter>
    </ClCompile>
    <ClCompile Include="Matrix2x3.cpp">
      <Filter>Framework Files</Filter>
    </ClCompile>
    <ClCompile Include="pch.cpp">
      <Filter>Framework Files</Filter>
    </ClCompile>
    <ClCompile Include="SoundEffect.cpp">
      <Filter>Framework Files</Filter>
    </ClCompile>
    <ClCompile Include="SoundStream.cpp">
      <Filter>Framework Files</Filter>
    </ClCompile>
    <ClCompile Include="structs.cpp">
      <Filter>Framework Files</Filter>
    </ClCompile>
    <ClCompile Include="SVGParser.cpp">
      <Filter>Framework Files</Filter>
    </ClCompile>
    <ClCompile Include="Texture.cpp">
      <Filter>Framework Files</Filter>
    </ClCompile>
    <ClCompile Include="utils.cpp">
      <Filter>Framework Files</Filter>
    </ClCompile>
    <ClCompile Include="Vector2f.cpp">
      <Filter>Framework Files</Filter>
    </ClCompile>
    <ClCompile Include="Sprite.cpp">
      <Filter>Game Files</Filter>
    </ClCompile>
    <ClCompile Include="Level.cpp">
      <Filter>Game Files</Filter>
    </ClCompile>
    <ClCompile Include="HUD.cpp">
      <Filter>Game Files</Filter>
    </ClCompile>
    <ClCompile Include="Camera.cpp">
      <Filter>Game Files</Filter>
    </ClCompile>
    <ClCompile Include="PowerUp.cpp">
      <Filter>Game Files\PowerUps</Filter>
    </ClCompile>
    <ClCompile Include="FirePower.cpp">
      <Filter>Game Files\PowerUps</Filter>
    </ClCompile>
    <ClCompile Include="GameObject.cpp">
      <Filter>Game Files\GameObjects</Filter>
    </ClCompile>
    <ClCompile Include="SparkPower.cpp">
      <Filter>Game Files\PowerUps</Filter>
    </ClCompile>
    <ClCompile Include="Projectile.cpp">
      <Filter>Game Files\GameObjects\Projectiles</Filter>
    </ClCompile>
    <ClCompile Include="Fireball.cpp">
      <Filter>Game Files\GameObjects\Projectiles</Filter>
    </ClCompile>
    <ClCompile Include="Kirby.cpp">
      <Filter>Game Files\GameObjects\Actors</Filter>
    </ClCompile>
    <ClCompile Include="Actor.cpp">
      <Filter>Game Files\GameObjects\Actors</Filter>
    </ClCompile>
    <ClCompile Include="Star.cpp">
      <Filter>Game Files\GameObjects\Projectiles</Filter>
    </ClCompile>
    <ClCompile Include="HudElement.cpp">
      <Filter>Game Files\GameObjects</Filter>
    </ClCompile>
    <ClCompile Include="Puff.cpp">
      <Filter>Game Files\GameObjects\Projectiles</Filter>
    </ClCompile>
    <ClCompile Include="WaddleDee.cpp">
      <Filter>Game Files\GameObjects\Actors\Enemies</Filter>
    </ClCompile>
    <ClCompile Include="PowerStar.cpp">
      <Filter>Game Files\GameObjects\Actors\Items</Filter>
    </ClCompile>
    <ClCompile Include="Enemy.cpp">
      <Filter>Game Files\GameObjects\Actors\Enemies</Filter>
    </ClCompile>
    <ClCompile Include="ProjectileManager.cpp">
      <Filter>Game Files\Managers</Filter>
    </ClCompile>
    <ClCompile Include="ObjectManager.cpp">
      <Filter>Game Files\Managers</Filter>
    </ClCompile>
    <ClCompile Include="Item.cpp">
      <Filter>Game Files\GameObjects\Actors\Items</Filter>
    </ClCompile>
    <ClCompile Include="HotHead.cpp">
      <Filter>Game Files\GameObjects\Actors\Enemies</Filter>
    </ClCompile>
    <ClCompile Include="BrontoBurt.cpp">
      <Filter>Game Files\GameObjects\Actors\Enemies</Filter>
    </ClCompile>
    <ClCompile Include="Spark.cpp">
      <Filter>Game Files\GameObjects\Projectiles</Filter>
    </ClCompile>
    <ClCompile Include="Sparky.cpp">
      <Filter>Game Files\GameObjects\Actors\Enemies</Filter>
    </ClCompile>
    <ClCompile Include="Door.cpp">
      <Filter>Game Files</Filter>
    </ClCompile>
    <ClCompile Include="LevelManager.cpp">
      <Filter>Game Files\Managers</Filter>
    </ClCompile>
    <ClCompile Include="ThrowingStar.cpp">
      <Filter>Game Files\GameObjects\Projectiles</Filter>
    </ClCompile>
    <ClCompile Include="Bounder.cpp">
      <Filter>Game Files\GameObjects\Actors\Enemies</Filter>
    </ClCompile>
    <ClCompile Include="LaserBall.cpp">
      <Filter>Game Files\GameObjects\Actors\Enemies</Filter>
    </ClCompile>
    <ClCompile Include="StonePower.cpp">
      <Filter>Game Files\PowerUps</Filter>
    </ClCompile>
    <ClCompile Include="Rocky.cpp">
      <Filter>Game Files\GameObjects\Actors\Enemies</Filter>
    </ClCompile>
    <ClCompile Include="Parasol.cpp">
      <Filter>Game Files\GameObjects\Actors\Enemies</Filter>
    </ClCompile>
    <ClCompile Include="OneUp.cpp">
      <Filter>Game Files\GameObjects\Actors\Items</Filter>
    </ClCompile>
    <ClCompile Include="StarBlock.cpp">
      <Filter>Game Files\GameObjects\Actors\Items</Filter>
    </ClCompile>
    <ClCompile Include="HealthBug.cpp">
      <Filter>Game Files\GameObjects\Actors\Items</Filter>
    </ClCompile>
    <ClCompile Include="KirbyStateHandler.cpp">
      <Filter>Game Files\Managers</Filter>
    </ClCompile>
    <ClCompile Include="RemovalFX.cpp">
      <Filter>Game Files\GameObjects</Filter>
    </ClCompile>
    <ClCompile Include="MrTickTock.cpp">
      <Filter>Game Files\GameObjects\Actors</Filter>
    </ClCompile>
  </ItemGroup>
  <ItemGroup>
    <ClInclude Include="pch.h">
      <Filter>Framework Files</Filter>
    </ClInclude>
    <ClInclude Include="Core.h">
      <Filter>Framework Files</Filter>
    </ClInclude>
    <ClInclude Include="Matrix2x3.h">
      <Filter>Framework Files</Filter>
    </ClInclude>
    <ClInclude Include="SoundEffect.h">
      <Filter>Framework Files</Filter>
    </ClInclude>
    <ClInclude Include="SoundStream.h">
      <Filter>Framework Files</Filter>
    </ClInclude>
    <ClInclude Include="structs.h">
      <Filter>Framework Files</Filter>
    </ClInclude>
    <ClInclude Include="SVGParser.h">
      <Filter>Framework Files</Filter>
    </ClInclude>
    <ClInclude Include="Texture.h">
      <Filter>Framework Files</Filter>
    </ClInclude>
    <ClInclude Include="utils.h">
      <Filter>Framework Files</Filter>
    </ClInclude>
    <ClInclude Include="Vector2f.h">
      <Filter>Framework Files</Filter>
    </ClInclude>
    <ClInclude Include="Game.h">
      <Filter>Game Files</Filter>
    </ClInclude>
    <ClInclude Include="Sprite.h">
      <Filter>Game Files</Filter>
    </ClInclude>
    <ClInclude Include="HUD.h">
      <Filter>Game Files</Filter>
    </ClInclude>
    <ClInclude Include="Level.h">
      <Filter>Game Files</Filter>
    </ClInclude>
    <ClInclude Include="Camera.h">
      <Filter>Game Files</Filter>
    </ClInclude>
    <ClInclude Include="PowerUp.h">
      <Filter>Game Files\PowerUps</Filter>
    </ClInclude>
    <ClInclude Include="FirePower.h">
      <Filter>Game Files\PowerUps</Filter>
    </ClInclude>
    <ClInclude Include="GameObject.h">
      <Filter>Game Files\GameObjects</Filter>
    </ClInclude>
    <ClInclude Include="SparkPower.h">
      <Filter>Game Files\PowerUps</Filter>
    </ClInclude>
    <ClInclude Include="Projectile.h">
      <Filter>Game Files\GameObjects\Projectiles</Filter>
    </ClInclude>
    <ClInclude Include="Fireball.h">
      <Filter>Game Files\GameObjects\Projectiles</Filter>
    </ClInclude>
    <ClInclude Include="Kirby.h">
      <Filter>Game Files\GameObjects\Actors</Filter>
    </ClInclude>
    <ClInclude Include="Actor.h">
      <Filter>Game Files\GameObjects\Actors</Filter>
    </ClInclude>
    <ClInclude Include="Star.h">
      <Filter>Game Files\GameObjects\Projectiles</Filter>
    </ClInclude>
    <ClInclude Include="HudElement.h">
      <Filter>Game Files\GameObjects</Filter>
    </ClInclude>
    <ClInclude Include="Puff.h">
      <Filter>Game Files\GameObjects\Projectiles</Filter>
    </ClInclude>
    <ClInclude Include="WaddleDee.h">
      <Filter>Game Files\GameObjects\Actors\Enemies</Filter>
    </ClInclude>
    <ClInclude Include="PowerStar.h">
      <Filter>Game Files\GameObjects\Actors\Items</Filter>
    </ClInclude>
    <ClInclude Include="Enemy.h">
      <Filter>Game Files\GameObjects\Actors\Enemies</Filter>
    </ClInclude>
    <ClInclude Include="ProjectileManager.h">
      <Filter>Game Files\Managers</Filter>
    </ClInclude>
    <ClInclude Include="ObjectManager.h">
      <Filter>Game Files\Managers</Filter>
    </ClInclude>
    <ClInclude Include="Item.h">
      <Filter>Game Files\GameObjects\Actors\Items</Filter>
    </ClInclude>
    <ClInclude Include="HotHead.h">
      <Filter>Game Files\GameObjects\Actors\Enemies</Filter>
    </ClInclude>
    <ClInclude Include="BrontoBurt.h">
      <Filter>Game Files\GameObjects\Actors\Enemies</Filter>
    </ClInclude>
    <ClInclude Include="Spark.h">
      <Filter>Game Files\GameObjects\Projectiles</Filter>
    </ClInclude>
    <ClInclude Include="Sparky.h">
      <Filter>Game Files\GameObjects\Actors\Enemies</Filter>
    </ClInclude>
    <ClInclude Include="Door.h">
      <Filter>Game Files</Filter>
    </ClInclude>
    <ClInclude Include="LevelManager.h">
      <Filter>Game Files\Managers</Filter>
    </ClInclude>
    <ClInclude Include="ThrowingStar.h">
      <Filter>Game Files\GameObjects\Projectiles</Filter>
    </ClInclude>
    <ClInclude Include="Bounder.h">
      <Filter>Game Files\GameObjects\Actors\Enemies</Filter>
    </ClInclude>
    <ClInclude Include="LaserBall.h">
      <Filter>Game Files\GameObjects\Actors\Enemies</Filter>
    </ClInclude>
    <ClInclude Include="StonePower.h">
      <Filter>Game Files\PowerUps</Filter>
    </ClInclude>
    <ClInclude Include="Rocky.h">
      <Filter>Game Files\GameObjects\Actors\Enemies</Filter>
    </ClInclude>
    <ClInclude Include="Parasol.h">
      <Filter>Game Files\GameObjects\Actors\Enemies</Filter>
    </ClInclude>
    <ClInclude Include="OneUp.h">
      <Filter>Game Files\GameObjects\Actors\Items</Filter>
    </ClInclude>
    <ClInclude Include="HealthBug.h">
      <Filter>Game Files\GameObjects\Actors\Items</Filter>
    </ClInclude>
    <ClInclude Include="StarBlock.h">
      <Filter>Game Files\GameObjects\Actors\Items</Filter>
    </ClInclude>
    <ClInclude Include="KirbyStateHandler.h">
      <Filter>Game Files\Managers</Filter>
    </ClInclude>
    <ClInclude Include="RemovalFX.h">
      <Filter>Game Files\GameObjects</Filter>
    </ClInclude>
    <ClInclude Include="MrTickTock.h">
      <Filter>Game Files\GameObjects\Actors</Filter>
    </ClInclude>
  </ItemGroup>
</Project>